
Microsoft Visual Studio Solution File, Format Version 12.00
# Visual Studio 15
VisualStudioVersion = 15.0.33529.398
MinimumVisualStudioVersion = 10.0.40219.1
Project("{FAE04EC0-301F-11D3-BF4B-00C04F79EFBC}") = "WpfApp1", "WpfApp1\WpfApp1.csproj", "{5271AFC1-466E-4B22-8E46-90349EAB1667}"
EndProject
Global
	GlobalSection(SolutionConfigurationPlatforms) = preSolution
		Debug|Any CPU = Debug|Any CPU
		Release|Any CPU = Release|Any CPU
	EndGlobalSection
	GlobalSection(ProjectConfigurationPlatforms) = postSolution
		{5271AFC1-466E-4B22-8E46-90349EAB1667}.Debug|Any CPU.ActiveCfg = Debug|Any CPU
		{5271AFC1-466E-4B22-8E46-90349EAB1667}.Debug|Any CPU.Build.0 = Debug|Any CPU
		{5271AFC1-466E-4B22-8E46-90349EAB1667}.Release|Any CPU.ActiveCfg = Release|Any CPU
		{5271AFC1-466E-4B22-8E46-90349EAB1667}.Release|Any CPU.Build.0 = Release|Any CPU
	EndGlobalSection
	GlobalSection(SolutionProperties) = preSolution
		HideSolutionNode = FALSE
	EndGlobalSection
	GlobalSection(ExtensibilityGlobals) = postSolution
		SolutionGuid = {09688B57-B565-4484-B2BD-9455E73703ED}
	EndGlobalSection
EndGlobal
